// !$*UTF8*$!
{
	archiveVersion = 1;
	classes = {
	};
	objectVersion = 55;
	objects = {

/* Begin PBXBuildFile section */
		E53DAE2F2839CC1A00AAD4A3 /* AppDelegate.swift in Sources */ = {isa = PBXBuildFile; fileRef = E53DAE2E2839CC1A00AAD4A3 /* AppDelegate.swift */; };
		E53DAE312839CC1A00AAD4A3 /* SceneDelegate.swift in Sources */ = {isa = PBXBuildFile; fileRef = E53DAE302839CC1A00AAD4A3 /* SceneDelegate.swift */; };
		E53DAE332839CC1A00AAD4A3 /* ViewController.swift in Sources */ = {isa = PBXBuildFile; fileRef = E53DAE322839CC1A00AAD4A3 /* ViewController.swift */; };
		E53DAE362839CC1A00AAD4A3 /* Main.storyboard in Resources */ = {isa = PBXBuildFile; fileRef = E53DAE342839CC1A00AAD4A3 /* Main.storyboard */; };
		E53DAE382839CC1C00AAD4A3 /* Assets.xcassets in Resources */ = {isa = PBXBuildFile; fileRef = E53DAE372839CC1C00AAD4A3 /* Assets.xcassets */; };
		E53DAE3B2839CC1C00AAD4A3 /* LaunchScreen.storyboard in Resources */ = {isa = PBXBuildFile; fileRef = E53DAE392839CC1C00AAD4A3 /* LaunchScreen.storyboard */; };
		E53DAE43283A2A5100AAD4A3 /* .gitignore in Resources */ = {isa = PBXBuildFile; fileRef = E53DAE42283A2A5100AAD4A3 /* .gitignore */; };
/* End PBXBuildFile section */

/* Begin PBXFileReference section */
		E53DAE2B2839CC1A00AAD4A3 /* LittlePink-git.app */ = {isa = PBXFileReference; explicitFileType = wrapper.application; includeInIndex = 0; path = "LittlePink-git.app"; sourceTree = BUILT_PRODUCTS_DIR; };
		E53DAE2E2839CC1A00AAD4A3 /* AppDelegate.swift */ = {isa = PBXFileReference; lastKnownFileType = sourcecode.swift; path = AppDelegate.swift; sourceTree = "<group>"; };
		E53DAE302839CC1A00AAD4A3 /* SceneDelegate.swift */ = {isa = PBXFileReference; lastKnownFileType = sourcecode.swift; path = SceneDelegate.swift; sourceTree = "<group>"; };
		E53DAE322839CC1A00AAD4A3 /* ViewController.swift */ = {isa = PBXFileReference; lastKnownFileType = sourcecode.swift; path = ViewController.swift; sourceTree = "<group>"; };
		E53DAE352839CC1A00AAD4A3 /* Base */ = {isa = PBXFileReference; lastKnownFileType = file.storyboard; name = Base; path = Base.lproj/Main.storyboard; sourceTree = "<group>"; };
		E53DAE372839CC1C00AAD4A3 /* Assets.xcassets */ = {isa = PBXFileReference; lastKnownFileType = folder.assetcatalog; path = Assets.xcassets; sourceTree = "<group>"; };
		E53DAE3A2839CC1C00AAD4A3 /* Base */ = {isa = PBXFileReference; lastKnownFileType = file.storyboard; name = Base; path = Base.lproj/LaunchScreen.storyboard; sourceTree = "<group>"; };
		E53DAE3C2839CC1C00AAD4A3 /* Info.plist */ = {isa = PBXFileReference; lastKnownFileType = text.plist.xml; path = Info.plist; sourceTree = "<group>"; };
		E53DAE42283A2A5100AAD4A3 /* .gitignore */ = {isa = PBXFileReference; fileEncoding = 4; lastKnownFileType = text; path = .gitignore; sourceTree = "<group>"; };
/* End PBXFileReference section */

/* Begin PBXFrameworksBuildPhase section */
		E53DAE282839CC1A00AAD4A3 /* Frameworks */ = {
			isa = PBXFrameworksBuildPhase;
			buildActionMask = 2147483647;
			files = (
			);
			runOnlyForDeploymentPostprocessing = 0;
		};
/* End PBXFrameworksBuildPhase section */

/* Begin PBXGroup section */
		E53DAE222839CC1A00AAD4A3 = {
			isa = PBXGroup;
			children = (
				E53DAE42283A2A5100AAD4A3 /* .gitignore */,
				E53DAE2D2839CC1A00AAD4A3 /* LittlePink-git */,
				E53DAE2C2839CC1A00AAD4A3 /* Products */,
			);
			sourceTree = "<group>";
		};
		E53DAE2C2839CC1A00AAD4A3 /* Products */ = {
			isa = PBXGroup;
			children = (
				E53DAE2B2839CC1A00AAD4A3 /* LittlePink-git.app */,
			);
			name = Products;
			sourceTree = "<group>";
		};
		E53DAE2D2839CC1A00AAD4A3 /* LittlePink-git */ = {
			isa = PBXGroup;
			children = (
				E53DAE2E2839CC1A00AAD4A3 /* AppDelegate.swift */,
				E53DAE302839CC1A00AAD4A3 /* SceneDelegate.swift */,
				E53DAE322839CC1A00AAD4A3 /* ViewController.swift */,
				E53DAE342839CC1A00AAD4A3 /* Main.storyboard */,
				E53DAE372839CC1C00AAD4A3 /* Assets.xcassets */,
				E53DAE392839CC1C00AAD4A3 /* LaunchScreen.storyboard */,
				E53DAE3C2839CC1C00AAD4A3 /* Info.plist */,
			);
			path = "LittlePink-git";
			sourceTree = "<group>";
		};
/* End PBXGroup section */

/* Begin PBXNativeTarget section */
		E53DAE2A2839CC1A00AAD4A3 /* LittlePink-git */ = {
			isa = PBXNativeTarget;
			buildConfigurationList = E53DAE3F2839CC1C00AAD4A3 /* Build configuration list for PBXNativeTarget "LittlePink-git" */;
			buildPhases = (
				E53DAE272839CC1A00AAD4A3 /* Sources */,
				E53DAE282839CC1A00AAD4A3 /* Frameworks */,
				E53DAE292839CC1A00AAD4A3 /* Resources */,
			);
			buildRules = (
			);
			dependencies = (
			);
			name = "LittlePink-git";
			productName = "LittlePink-git";
			productReference = E53DAE2B2839CC1A00AAD4A3 /* LittlePink-git.app */;
			productType = "com.apple.product-type.application";
		};
/* End PBXNativeTarget section */

/* Begin PBXProject section */
		E53DAE232839CC1A00AAD4A3 /* Project object */ = {
			isa = PBXProject;
			attributes = {
				BuildIndependentTargetsInParallel = 1;
				LastSwiftUpdateCheck = 1330;
				LastUpgradeCheck = 1330;
				TargetAttributes = {
					E53DAE2A2839CC1A00AAD4A3 = {
						CreatedOnToolsVersion = 13.3;
					};
				};
			};
			buildConfigurationList = E53DAE262839CC1A00AAD4A3 /* Build configuration list for PBXProject "LittlePink-git" */;
			compatibilityVersion = "Xcode 13.0";
			developmentRegion = en;
			hasScannedForEncodings = 0;
			knownRegions = (
				en,
				Base,
			);
			mainGroup = E53DAE222839CC1A00AAD4A3;
			productRefGroup = E53DAE2C2839CC1A00AAD4A3 /* Products */;
			projectDirPath = "";
			projectRoot = "";
			targets = (
				E53DAE2A2839CC1A00AAD4A3 /* LittlePink-git */,
			);
		};
/* End PBXProject section */

/* Begin PBXResourcesBuildPhase section */
		E53DAE292839CC1A00AAD4A3 /* Resources */ = {
			isa = PBXResourcesBuildPhase;
			buildActionMask = 2147483647;
			files = (
				E53DAE43283A2A5100AAD4A3 /* .gitignore in Resources */,
				E53DAE3B2839CC1C00AAD4A3 /* LaunchScreen.storyboard in Resources */,
				E53DAE382839CC1C00AAD4A3 /* Assets.xcassets in Resources */,
				E53DAE362839CC1A00AAD4A3 /* Main.storyboard in Resources */,
			);
			runOnlyForDeploymentPostprocessing = 0;
		};
/* End PBXResourcesBuildPhase section */

/* Begin PBXSourcesBuildPhase section */
		E53DAE272839CC1A00AAD4A3 /* Sources */ = {
			isa = PBXSourcesBuildPhase;
			buildActionMask = 2147483647;
			files = (
				E53DAE332839CC1A00AAD4A3 /* ViewController.swift in Sources */,
				E53DAE2F2839CC1A00AAD4A3 /* AppDelegate.swift in Sources */,
				E53DAE312839CC1A00AAD4A3 /* SceneDelegate.swift in Sources */,
			);
			runOnlyForDeploymentPostprocessing = 0;
		};
/* End PBXSourcesBuildPhase section */

/* Begin PBXVariantGroup section */
		E53DAE342839CC1A00AAD4A3 /* Main.storyboard */ = {
			isa = PBXVariantGroup;
			children = (
				E53DAE352839CC1A00AAD4A3 /* Base */,
			);
			name = Main.storyboard;
			sourceTree = "<group>";
		};
		E53DAE392839CC1C00AAD4A3 /* LaunchScreen.storyboard */ = {
			isa = PBXVariantGroup;
			children = (
				E53DAE3A2839CC1C00AAD4A3 /* Base */,
			);
			name = LaunchScreen.storyboard;
			sourceTree = "<group>";
		};
/* End PBXVariantGroup section */

/* Begin XCBuildConfiguration section */
		E53DAE3D2839CC1C00AAD4A3 /* Debug */ = {
			isa = XCBuildConfiguration;
			buildSettings = {
				ALWAYS_SEARCH_USER_PATHS = NO;
				CLANG_ANALYZER_NONNULL = YES;
				CLANG_ANALYZER_NUMBER_OBJECT_CONVERSION = YES_AGGRESSIVE;
				CLANG_CXX_LANGUAGE_STANDARD = "gnu++17";
				CLANG_ENABLE_MODULES = YES;
				CLANG_ENABLE_OBJC_ARC = YES;
				CLANG_ENABLE_OBJC_WEAK = YES;
				CLANG_WARN_BLOCK_CAPTURE_AUTORELEASING = YES;
				CLANG_WARN_BOOL_CONVERSION = YES;
				CLANG_WARN_COMMA = YES;
				CLANG_WARN_CONSTANT_CONVERSION = YES;
				CLANG_WARN_DEPRECATED_OBJC_IMPLEMENTATIONS = YES;
				CLANG_WARN_DIRECT_OBJC_ISA_USAGE = YES_ERROR;
				CLANG_WARN_DOCUMENTATION_COMMENTS = YES;
				CLANG_WARN_EMPTY_BODY = YES;
				CLANG_WARN_ENUM_CONVERSION = YES;
				CLANG_WARN_INFINITE_RECURSION = YES;
				CLANG_WARN_INT_CONVERSION = YES;
				CLANG_WARN_NON_LITERAL_NULL_CONVERSION = YES;
				CLANG_WARN_OBJC_IMPLICIT_RETAIN_SELF = YES;
				CLANG_WARN_OBJC_LITERAL_CONVERSION = YES;
				CLANG_WARN_OBJC_ROOT_CLASS = YES_ERROR;
				CLANG_WARN_QUOTED_INCLUDE_IN_FRAMEWORK_HEADER = YES;
				CLANG_WARN_RANGE_LOOP_ANALYSIS = YES;
				CLANG_WARN_STRICT_PROTOTYPES = YES;
				CLANG_WARN_SUSPICIOUS_MOVE = YES;
				CLANG_WARN_UNGUARDED_AVAILABILITY = YES_AGGRESSIVE;
				CLANG_WARN_UNREACHABLE_CODE = YES;
				CLANG_WARN__DUPLICATE_METHOD_MATCH = YES;
				COPY_PHASE_STRIP = NO;
				DEBUG_INFORMATION_FORMAT = dwarf;
				ENABLE_STRICT_OBJC_MSGSEND = YES;
				ENABLE_TESTABILITY = YES;
				GCC_C_LANGUAGE_STANDARD = gnu11;
				GCC_DYNAMIC_NO_PIC = NO;
				GCC_NO_COMMON_BLOCKS = YES;
				GCC_OPTIMIZATION_LEVEL = 0;
				GCC_PREPROCESSOR_DEFINITIONS = (
					"DEBUG=1",
					"$(inherited)",
				);
				GCC_WARN_64_TO_32_BIT_CONVERSION = YES;
				GCC_WARN_ABOUT_RETURN_TYPE = YES_ERROR;
				GCC_WARN_UNDECLARED_SELECTOR = YES;
				GCC_WARN_UNINITIALIZED_AUTOS = YES_AGGRESSIVE;
				GCC_WARN_UNUSED_FUNCTION = YES;
				GCC_WARN_UNUSED_VARIABLE = YES;
				IPHONEOS_DEPLOYMENT_TARGET = 15.4;
				MTL_ENABLE_DEBUG_INFO = INCLUDE_SOURCE;
				MTL_FAST_MATH = YES;
				ONLY_ACTIVE_ARCH = YES;
				SDKROOT = iphoneos;
				SWIFT_ACTIVE_COMPILATION_CONDITIONS = DEBUG;
				SWIFT_OPTIMIZATION_LEVEL = "-Onone";
			};
			name = Debug;
		};
		E53DAE3E2839CC1C00AAD4A3 /* Release */ = {
			isa = XCBuildConfiguration;
			buildSettings = {
				ALWAYS_SEARCH_USER_PATHS = NO;
				CLANG_ANALYZER_NONNULL = YES;
				CLANG_ANALYZER_NUMBER_OBJECT_CONVERSION = YES_AGGRESSIVE;
				CLANG_CXX_LANGUAGE_STANDARD = "gnu++17";
				CLANG_ENABLE_MODULES = YES;
				CLANG_ENABLE_OBJC_ARC = YES;
				CLANG_ENABLE_OBJC_WEAK = YES;
				CLANG_WARN_BLOCK_CAPTURE_AUTORELEASING = YES;
				CLANG_WARN_BOOL_CONVERSION = YES;
				CLANG_WARN_COMMA = YES;
				CLANG_WARN_CONSTANT_CONVERSION = YES;
				CLANG_WARN_DEPRECATED_OBJC_IMPLEMENTATIONS = YES;
				CLANG_WARN_DIRECT_OBJC_ISA_USAGE = YES_ERROR;
				CLANG_WARN_DOCUMENTATION_COMMENTS = YES;
				CLANG_WARN_EMPTY_BODY = YES;
				CLANG_WARN_ENUM_CONVERSION = YES;
				CLANG_WARN_INFINITE_RECURSION = YES;
				CLANG_WARN_INT_CONVERSION = YES;
				CLANG_WARN_NON_LITERAL_NULL_CONVERSION = YES;
				CLANG_WARN_OBJC_IMPLICIT_RETAIN_SELF = YES;
				CLANG_WARN_OBJC_LITERAL_CONVERSION = YES;
				CLANG_WARN_OBJC_ROOT_CLASS = YES_ERROR;
				CLANG_WARN_QUOTED_INCLUDE_IN_FRAMEWORK_HEADER = YES;
				CLANG_WARN_RANGE_LOOP_ANALYSIS = YES;
				CLANG_WARN_STRICT_PROTOTYPES = YES;
				CLANG_WARN_SUSPICIOUS_MOVE = YES;
				CLANG_WARN_UNGUARDED_AVAILABILITY = YES_AGGRESSIVE;
				CLANG_WARN_UNREACHABLE_CODE = YES;
				CLANG_WARN__DUPLICATE_METHOD_MATCH = YES;
				COPY_PHASE_STRIP = NO;
				DEBUG_INFORMATION_FORMAT = "dwarf-with-dsym";
				ENABLE_NS_ASSERTIONS = NO;
				ENABLE_STRICT_OBJC_MSGSEND = YES;
				GCC_C_LANGUAGE_STANDARD = gnu11;
				GCC_NO_COMMON_BLOCKS = YES;
				GCC_WARN_64_TO_32_BIT_CONVERSION = YES;
				GCC_WARN_ABOUT_RETURN_TYPE = YES_ERROR;
				GCC_WARN_UNDECLARED_SELECTOR = YES;
				GCC_WARN_UNINITIALIZED_AUTOS = YES_AGGRESSIVE;
				GCC_WARN_UNUSED_FUNCTION = YES;
				GCC_WARN_UNUSED_VARIABLE = YES;
				IPHONEOS_DEPLOYMENT_TARGET = 15.4;
				MTL_ENABLE_DEBUG_INFO = NO;
				MTL_FAST_MATH = YES;
				SDKROOT = iphoneos;
				SWIFT_COMPILATION_MODE = wholemodule;
				SWIFT_OPTIMIZATION_LEVEL = "-O";
				VALIDATE_PRODUCT = YES;
			};
			name = Release;
		};
		E53DAE402839CC1C00AAD4A3 /* Debug */ = {
			isa = XCBuildConfiguration;
			buildSettings = {
				ASSETCATALOG_COMPILER_APPICON_NAME = AppIcon;
				ASSETCATALOG_COMPILER_GLOBAL_ACCENT_COLOR_NAME = AccentColor;
				CODE_SIGN_STYLE = Automatic;
				CURRENT_PROJECT_VERSION = 1;
				DEVELOPMENT_TEAM = P9FA4KN9HG;
				GENERATE_INFOPLIST_FILE = YES;
				INFOPLIST_FILE = "LittlePink-git/Info.plist";
				INFOPLIST_KEY_UIApplicationSupportsIndirectInputEvents = YES;
				INFOPLIST_KEY_UILaunchStoryboardName = LaunchScreen;
				INFOPLIST_KEY_UIMainStoryboardFile = Main;
				INFOPLIST_KEY_UISupportedInterfaceOrientations_iPad = "UIInterfaceOrientationPortrait UIInterfaceOrientationPortraitUpsideDown UIInterfaceOrientationLandscapeLeft UIInterfaceOrientationLandscapeRight";
				INFOPLIST_KEY_UISupportedInterfaceOrientations_iPhone = "UIInterfaceOrientationPortrait UIInterfaceOrientationLandscapeLeft UIInterfaceOrientationLandscapeRight";
				LD_RUNPATH_SEARCH_PATHS = (
					"$(inherited)",
					"@executable_path/Frameworks",
				);
				MARKETING_VERSION = 1.0;
				PRODUCT_BUNDLE_IDENTIFIER = "com.yoghurt.LittlePink-git";
				PRODUCT_NAME = "$(TARGET_NAME)";
				SWIFT_EMIT_LOC_STRINGS = YES;
				SWIFT_VERSION = 5.0;
				TARGETED_DEVICE_FAMILY = "1,2";
			};
			name = Debug;
		};
		E53DAE412839CC1C00AAD4A3 /* Release */ = {
			isa = XCBuildConfiguration;
			buildSettings = {
				ASSETCATALOG_COMPILER_APPICON_NAME = AppIcon;
				ASSETCATALOG_COMPILER_GLOBAL_ACCENT_COLOR_NAME = AccentColor;
				CODE_SIGN_STYLE = Automatic;
				CURRENT_PROJECT_VERSION = 1;
				DEVELOPMENT_TEAM = P9FA4KN9HG;
				GENERATE_INFOPLIST_FILE = YES;
				INFOPLIST_FILE = "LittlePink-git/Info.plist";
				INFOPLIST_KEY_UIApplicationSupportsIndirectInputEvents = YES;
				INFOPLIST_KEY_UILaunchStoryboardName = LaunchScreen;
				INFOPLIST_KEY_UIMainStoryboardFile = Main;
				INFOPLIST_KEY_UISupportedInterfaceOrientations_iPad = "UIInterfaceOrientationPortrait UIInterfaceOrientationPortraitUpsideDown UIInterfaceOrientationLandscapeLeft UIInterfaceOrientationLandscapeRight";
				INFOPLIST_KEY_UISupportedInterfaceOrientations_iPhone = "UIInterfaceOrientationPortrait UIInterfaceOrientationLandscapeLeft UIInterfaceOrientationLandscapeRight";
				LD_RUNPATH_SEARCH_PATHS = (
					"$(inherited)",
					"@executable_path/Frameworks",
				);
				MARKETING_VERSION = 1.0;
				PRODUCT_BUNDLE_IDENTIFIER = "com.yoghurt.LittlePink-git";
				PRODUCT_NAME = "$(TARGET_NAME)";
				SWIFT_EMIT_LOC_STRINGS = YES;
				SWIFT_VERSION = 5.0;
				TARGETED_DEVICE_FAMILY = "1,2";
			};
			name = Release;
		};
/* End XCBuildConfiguration section */

/* Begin XCConfigurationList section */
		E53DAE262839CC1A00AAD4A3 /* Build configuration list for PBXProject "LittlePink-git" */ = {
			isa = XCConfigurationList;
			buildConfigurations = (
				E53DAE3D2839CC1C00AAD4A3 /* Debug */,
				E53DAE3E2839CC1C00AAD4A3 /* Release */,
			);
			defaultConfigurationIsVisible = 0;
			defaultConfigurationName = Release;
		};
		E53DAE3F2839CC1C00AAD4A3 /* Build configuration list for PBXNativeTarget "LittlePink-git" */ = {
			isa = XCConfigurationList;
			buildConfigurations = (
				E53DAE402839CC1C00AAD4A3 /* Debug */,
				E53DAE412839CC1C00AAD4A3 /* Release */,
			);
			defaultConfigurationIsVisible = 0;
			defaultConfigurationName = Release;
		};
/* End XCConfigurationList section */
	};
	rootObject = E53DAE232839CC1A00AAD4A3 /* Project object */;
}
